
Microsoft Visual Studio Solution File, Format Version 12.00
# Visual Studio Version 16
Project("{8BC9CEB8-8B4A-11D0-8D11-00A0C91BC942}") = "ALL_BUILD", "ALL_BUILD.vcxproj", "{F5EA535C-93A8-32CB-BA64-244F28BE29AF}"
	ProjectSection(ProjectDependencies) = postProject
		{8B4CA56B-50AD-32A0-B665-81E1A346C89B} = {8B4CA56B-50AD-32A0-B665-81E1A346C89B}
		{EF67F46E-E925-3749-B9A7-73614D3AFB08} = {EF67F46E-E925-3749-B9A7-73614D3AFB08}
		{613D5321-A270-3535-B30B-63935BEDA607} = {613D5321-A270-3535-B30B-63935BEDA607}
		{D1017F44-A030-3120-BC63-8F8ACC5C2602} = {D1017F44-A030-3120-BC63-8F8ACC5C2602}
		{8795995A-4093-38CC-82BD-8BCF61C3A1EE} = {8795995A-4093-38CC-82BD-8BCF61C3A1EE}
	EndProjectSection
EndProject
Project("{8BC9CEB8-8B4A-11D0-8D11-00A0C91BC942}") = "ZERO_CHECK", "ZERO_CHECK.vcxproj", "{8B4CA56B-50AD-32A0-B665-81E1A346C89B}"
	ProjectSection(ProjectDependencies) = postProject
	EndProjectSection
EndProject
Project("{8BC9CEB8-8B4A-11D0-8D11-00A0C91BC942}") = "gtest", "gtest\gtest.vcxproj", "{EF67F46E-E925-3749-B9A7-73614D3AFB08}"
	ProjectSection(ProjectDependencies) = postProject
		{8B4CA56B-50AD-32A0-B665-81E1A346C89B} = {8B4CA56B-50AD-32A0-B665-81E1A346C89B}
	EndProjectSection
EndProject
Project("{8BC9CEB8-8B4A-11D0-8D11-00A0C91BC942}") = "sample_prime_numbers", "samples\sample_prime_numbers.vcxproj", "{613D5321-A270-3535-B30B-63935BEDA607}"
	ProjectSection(ProjectDependencies) = postProject
		{8B4CA56B-50AD-32A0-B665-81E1A346C89B} = {8B4CA56B-50AD-32A0-B665-81E1A346C89B}
		{D1017F44-A030-3120-BC63-8F8ACC5C2602} = {D1017F44-A030-3120-BC63-8F8ACC5C2602}
	EndProjectSection
EndProject
Project("{8BC9CEB8-8B4A-11D0-8D11-00A0C91BC942}") = "set", "src\set.vcxproj", "{D1017F44-A030-3120-BC63-8F8ACC5C2602}"
	ProjectSection(ProjectDependencies) = postProject
		{8B4CA56B-50AD-32A0-B665-81E1A346C89B} = {8B4CA56B-50AD-32A0-B665-81E1A346C89B}
	EndProjectSection
EndProject
Project("{8BC9CEB8-8B4A-11D0-8D11-00A0C91BC942}") = "test_set", "test\test_set.vcxproj", "{8795995A-4093-38CC-82BD-8BCF61C3A1EE}"
	ProjectSection(ProjectDependencies) = postProject
		{8B4CA56B-50AD-32A0-B665-81E1A346C89B} = {8B4CA56B-50AD-32A0-B665-81E1A346C89B}
		{EF67F46E-E925-3749-B9A7-73614D3AFB08} = {EF67F46E-E925-3749-B9A7-73614D3AFB08}
		{D1017F44-A030-3120-BC63-8F8ACC5C2602} = {D1017F44-A030-3120-BC63-8F8ACC5C2602}
	EndProjectSection
EndProject
Global
	GlobalSection(SolutionConfigurationPlatforms) = preSolution
		Debug|x64 = Debug|x64
		Release|x64 = Release|x64
	EndGlobalSection
	GlobalSection(ProjectConfigurationPlatforms) = postSolution
		{F5EA535C-93A8-32CB-BA64-244F28BE29AF}.Debug|x64.ActiveCfg = Debug|x64
		{F5EA535C-93A8-32CB-BA64-244F28BE29AF}.Release|x64.ActiveCfg = Release|x64
		{8B4CA56B-50AD-32A0-B665-81E1A346C89B}.Debug|x64.ActiveCfg = Debug|x64
		{8B4CA56B-50AD-32A0-B665-81E1A346C89B}.Debug|x64.Build.0 = Debug|x64
		{8B4CA56B-50AD-32A0-B665-81E1A346C89B}.Release|x64.ActiveCfg = Release|x64
		{8B4CA56B-50AD-32A0-B665-81E1A346C89B}.Release|x64.Build.0 = Release|x64
		{EF67F46E-E925-3749-B9A7-73614D3AFB08}.Debug|x64.ActiveCfg = Debug|x64
		{EF67F46E-E925-3749-B9A7-73614D3AFB08}.Debug|x64.Build.0 = Debug|x64
		{EF67F46E-E925-3749-B9A7-73614D3AFB08}.Release|x64.ActiveCfg = Release|x64
		{EF67F46E-E925-3749-B9A7-73614D3AFB08}.Release|x64.Build.0 = Release|x64
		{613D5321-A270-3535-B30B-63935BEDA607}.Debug|x64.ActiveCfg = Debug|x64
		{613D5321-A270-3535-B30B-63935BEDA607}.Debug|x64.Build.0 = Debug|x64
		{613D5321-A270-3535-B30B-63935BEDA607}.Release|x64.ActiveCfg = Release|x64
		{613D5321-A270-3535-B30B-63935BEDA607}.Release|x64.Build.0 = Release|x64
		{D1017F44-A030-3120-BC63-8F8ACC5C2602}.Debug|x64.ActiveCfg = Debug|x64
		{D1017F44-A030-3120-BC63-8F8ACC5C2602}.Debug|x64.Build.0 = Debug|x64
		{D1017F44-A030-3120-BC63-8F8ACC5C2602}.Release|x64.ActiveCfg = Release|x64
		{D1017F44-A030-3120-BC63-8F8ACC5C2602}.Release|x64.Build.0 = Release|x64
		{8795995A-4093-38CC-82BD-8BCF61C3A1EE}.Debug|x64.ActiveCfg = Debug|x64
		{8795995A-4093-38CC-82BD-8BCF61C3A1EE}.Debug|x64.Build.0 = Debug|x64
		{8795995A-4093-38CC-82BD-8BCF61C3A1EE}.Release|x64.ActiveCfg = Release|x64
		{8795995A-4093-38CC-82BD-8BCF61C3A1EE}.Release|x64.Build.0 = Release|x64
	EndGlobalSection
	GlobalSection(ExtensibilityGlobals) = postSolution
		SolutionGuid = {32AFE447-C3D4-33C3-ABA4-5BA62A59C2E2}
	EndGlobalSection
	GlobalSection(ExtensibilityAddIns) = postSolution
	EndGlobalSection
EndGlobal
